
Microsoft Visual Studio Solution File, Format Version 12.00
# Visual Studio Version 16
VisualStudioVersion = 16.0.31729.503
MinimumVisualStudioVersion = 10.0.40219.1
Project("{FAE04EC0-301F-11D3-BF4B-00C04F79EFBC}") = "GenericClass", "GenericClass\GenericClass.csproj", "{B9D1799D-3CEF-473A-B3E7-001147412023}"
EndProject
Global
	GlobalSection(SolutionConfigurationPlatforms) = preSolution
		Debug|Any CPU = Debug|Any CPU
		Release|Any CPU = Release|Any CPU
	EndGlobalSection
	GlobalSection(ProjectConfigurationPlatforms) = postSolution
		{B9D1799D-3CEF-473A-B3E7-001147412023}.Debug|Any CPU.ActiveCfg = Debug|Any CPU
		{B9D1799D-3CEF-473A-B3E7-001147412023}.Debug|Any CPU.Build.0 = Debug|Any CPU
		{B9D1799D-3CEF-473A-B3E7-001147412023}.Release|Any CPU.ActiveCfg = Release|Any CPU
		{B9D1799D-3CEF-473A-B3E7-001147412023}.Release|Any CPU.Build.0 = Release|Any CPU
	EndGlobalSection
	GlobalSection(SolutionProperties) = preSolution
		HideSolutionNode = FALSE
	EndGlobalSection
	GlobalSection(ExtensibilityGlobals) = postSolution
		SolutionGuid = {2778CA47-8B28-4855-AE22-971A5256E41D}
	EndGlobalSection
EndGlobal
